
Microsoft Visual Studio Solution File, Format Version 12.00
# Visual Studio Version 16
VisualStudioVersion = 16.0.31515.178
MinimumVisualStudioVersion = 10.0.40219.1
Project("{9A19103F-16F7-4668-BE54-9A1E7A4F7556}") = "NsuWorms", "NsuWorms\NsuWorms.csproj", "{E459B729-7C83-4568-8399-B902CD9933C5}"
EndProject
Project("{FAE04EC0-301F-11D3-BF4B-00C04F79EFBC}") = "NsuWormsNUnitTests", "NsuWormsNUnitTests\NsuWormsNUnitTests.csproj", "{614EA8A6-711F-4623-9291-0898728BCA66}"
EndProject
Global
	GlobalSection(SolutionConfigurationPlatforms) = preSolution
		Debug|Any CPU = Debug|Any CPU
		Release|Any CPU = Release|Any CPU
	EndGlobalSection
	GlobalSection(ProjectConfigurationPlatforms) = postSolution
		{E459B729-7C83-4568-8399-B902CD9933C5}.Debug|Any CPU.ActiveCfg = Debug|Any CPU
		{E459B729-7C83-4568-8399-B902CD9933C5}.Debug|Any CPU.Build.0 = Debug|Any CPU
		{E459B729-7C83-4568-8399-B902CD9933C5}.Release|Any CPU.ActiveCfg = Release|Any CPU
		{E459B729-7C83-4568-8399-B902CD9933C5}.Release|Any CPU.Build.0 = Release|Any CPU
		{614EA8A6-711F-4623-9291-0898728BCA66}.Debug|Any CPU.ActiveCfg = Debug|Any CPU
		{614EA8A6-711F-4623-9291-0898728BCA66}.Debug|Any CPU.Build.0 = Debug|Any CPU
		{614EA8A6-711F-4623-9291-0898728BCA66}.Release|Any CPU.ActiveCfg = Release|Any CPU
		{614EA8A6-711F-4623-9291-0898728BCA66}.Release|Any CPU.Build.0 = Release|Any CPU
	EndGlobalSection
	GlobalSection(SolutionProperties) = preSolution
		HideSolutionNode = FALSE
	EndGlobalSection
	GlobalSection(ExtensibilityGlobals) = postSolution
		SolutionGuid = {FB2241D5-BA56-4214-9345-BF0E59EE1701}
	EndGlobalSection
EndGlobal
